
Microsoft Visual Studio Solution File, Format Version 12.00
# Visual Studio Version 16
VisualStudioVersion = 16.0.30204.135
MinimumVisualStudioVersion = 10.0.40219.1
Project("{F184B08F-C81C-45F6-A57F-5ABD9991F28F}") = "FBG.Orders", "FBG.Orders\FBG.Orders.vbproj", "{E6C21753-E768-425E-8D7F-CF8E6B96F390}"
EndProject
Project("{FAE04EC0-301F-11D3-BF4B-00C04F79EFBC}") = "CartRover.Batch.App", "CartRover.Batch.App\CartRover.Batch.App.csproj", "{C8F17FE3-E655-4A72-8C47-CD412783AC98}"
EndProject
Global
	GlobalSection(SolutionConfigurationPlatforms) = preSolution
		Debug|Any CPU = Debug|Any CPU
		Release|Any CPU = Release|Any CPU
	EndGlobalSection
	GlobalSection(ProjectConfigurationPlatforms) = postSolution
		{E6C21753-E768-425E-8D7F-CF8E6B96F390}.Debug|Any CPU.ActiveCfg = Debug|Any CPU
		{E6C21753-E768-425E-8D7F-CF8E6B96F390}.Debug|Any CPU.Build.0 = Debug|Any CPU
		{E6C21753-E768-425E-8D7F-CF8E6B96F390}.Release|Any CPU.ActiveCfg = Release|Any CPU
		{E6C21753-E768-425E-8D7F-CF8E6B96F390}.Release|Any CPU.Build.0 = Release|Any CPU
		{C8F17FE3-E655-4A72-8C47-CD412783AC98}.Debug|Any CPU.ActiveCfg = Debug|Any CPU
		{C8F17FE3-E655-4A72-8C47-CD412783AC98}.Debug|Any CPU.Build.0 = Debug|Any CPU
		{C8F17FE3-E655-4A72-8C47-CD412783AC98}.Release|Any CPU.ActiveCfg = Release|Any CPU
		{C8F17FE3-E655-4A72-8C47-CD412783AC98}.Release|Any CPU.Build.0 = Release|Any CPU
	EndGlobalSection
	GlobalSection(SolutionProperties) = preSolution
		HideSolutionNode = FALSE
	EndGlobalSection
	GlobalSection(ExtensibilityGlobals) = postSolution
		SolutionGuid = {31F38934-59DF-4529-B055-3B5D1A2D643F}
	EndGlobalSection
EndGlobal
